// !$*UTF8*$!
{
	archiveVersion = 1;
	classes = {
	};
	objectVersion = 46;
	objects = {

/* Begin PBXBuildFile section */
		C90BBF4B1DE7D560001F85D7 /* main.m in Sources */ = {isa = PBXBuildFile; fileRef = C90BBF4A1DE7D560001F85D7 /* main.m */; };
		C90BBF4E1DE7D560001F85D7 /* AppDelegate.m in Sources */ = {isa = PBXBuildFile; fileRef = C90BBF4D1DE7D560001F85D7 /* AppDelegate.m */; };
		C90BBF511DE7D560001F85D7 /* ViewController.mm in Sources */ = {isa = PBXBuildFile; fileRef = C90BBF501DE7D560001F85D7 /* ViewController.mm */; };
		C90BBF541DE7D561001F85D7 /* Main.storyboard in Resources */ = {isa = PBXBuildFile; fileRef = C90BBF521DE7D561001F85D7 /* Main.storyboard */; };
		C90BBF561DE7D561001F85D7 /* Assets.xcassets in Resources */ = {isa = PBXBuildFile; fileRef = C90BBF551DE7D561001F85D7 /* Assets.xcassets */; };
		C90BBF591DE7D561001F85D7 /* LaunchScreen.storyboard in Resources */ = {isa = PBXBuildFile; fileRef = C90BBF571DE7D561001F85D7 /* LaunchScreen.storyboard */; };
		C90BBF621DE7D62A001F85D7 /* Accelerate.framework in Frameworks */ = {isa = PBXBuildFile; fileRef = C90BBF611DE7D62A001F85D7 /* Accelerate.framework */; };
		C90BBF641DE7F041001F85D7 /* final.pb in Resources */ = {isa = PBXBuildFile; fileRef = C90BBF631DE7F041001F85D7 /* final.pb */; };
		C90BBFAA1DE7F5F6008909B2 /* images in Resources */ = {isa = PBXBuildFile; fileRef = C90BBFA81DE7F5F2008909B2 /* images */; };
		C90BBFAB1DE7F5F9008909B2 /* labels in Resources */ = {isa = PBXBuildFile; fileRef = C90BBFA91DE7F5F2008909B2 /* labels */; };
/* End PBXBuildFile section */

/* Begin PBXFileReference section */
		C90BBF461DE7D560001F85D7 /* MNIST.app */ = {isa = PBXFileReference; explicitFileType = wrapper.application; includeInIndex = 0; path = MNIST.app; sourceTree = BUILT_PRODUCTS_DIR; };
		C90BBF4A1DE7D560001F85D7 /* main.m */ = {isa = PBXFileReference; lastKnownFileType = sourcecode.c.objc; path = main.m; sourceTree = "<group>"; };
		C90BBF4C1DE7D560001F85D7 /* AppDelegate.h */ = {isa = PBXFileReference; lastKnownFileType = sourcecode.c.h; path = AppDelegate.h; sourceTree = "<group>"; };
		C90BBF4D1DE7D560001F85D7 /* AppDelegate.m */ = {isa = PBXFileReference; lastKnownFileType = sourcecode.c.objc; path = AppDelegate.m; sourceTree = "<group>"; };
		C90BBF4F1DE7D560001F85D7 /* ViewController.h */ = {isa = PBXFileReference; lastKnownFileType = sourcecode.c.h; path = ViewController.h; sourceTree = "<group>"; };
		C90BBF501DE7D560001F85D7 /* ViewController.mm */ = {isa = PBXFileReference; lastKnownFileType = sourcecode.cpp.objcpp; path = ViewController.mm; sourceTree = "<group>"; };
		C90BBF531DE7D561001F85D7 /* Base */ = {isa = PBXFileReference; lastKnownFileType = file.storyboard; name = Base; path = Base.lproj/Main.storyboard; sourceTree = "<group>"; };
		C90BBF551DE7D561001F85D7 /* Assets.xcassets */ = {isa = PBXFileReference; lastKnownFileType = folder.assetcatalog; path = Assets.xcassets; sourceTree = "<group>"; };
		C90BBF581DE7D561001F85D7 /* Base */ = {isa = PBXFileReference; lastKnownFileType = file.storyboard; name = Base; path = Base.lproj/LaunchScreen.storyboard; sourceTree = "<group>"; };
		C90BBF5A1DE7D561001F85D7 /* Info.plist */ = {isa = PBXFileReference; lastKnownFileType = text.plist.xml; path = Info.plist; sourceTree = "<group>"; };
		C90BBF611DE7D62A001F85D7 /* Accelerate.framework */ = {isa = PBXFileReference; lastKnownFileType = wrapper.framework; name = Accelerate.framework; path = System/Library/Frameworks/Accelerate.framework; sourceTree = SDKROOT; };
		C90BBF631DE7F041001F85D7 /* final.pb */ = {isa = PBXFileReference; lastKnownFileType = file; path = final.pb; sourceTree = "<group>"; };
		C90BBFA81DE7F5F2008909B2 /* images */ = {isa = PBXFileReference; lastKnownFileType = file; path = images; sourceTree = "<group>"; };
		C90BBFA91DE7F5F2008909B2 /* labels */ = {isa = PBXFileReference; lastKnownFileType = file; path = labels; sourceTree = "<group>"; };
/* End PBXFileReference section */

/* Begin PBXFrameworksBuildPhase section */
		C90BBF431DE7D560001F85D7 /* Frameworks */ = {
			isa = PBXFrameworksBuildPhase;
			buildActionMask = 2147483647;
			files = (
				C90BBF621DE7D62A001F85D7 /* Accelerate.framework in Frameworks */,
			);
			runOnlyForDeploymentPostprocessing = 0;
		};
/* End PBXFrameworksBuildPhase section */

/* Begin PBXGroup section */
		C90BBF3D1DE7D560001F85D7 = {
			isa = PBXGroup;
			children = (
				C90BBF481DE7D560001F85D7 /* MNIST */,
				C90BBF471DE7D560001F85D7 /* Products */,
				C90BBF601DE7D62A001F85D7 /* Frameworks */,
			);
			sourceTree = "<group>";
		};
		C90BBF471DE7D560001F85D7 /* Products */ = {
			isa = PBXGroup;
			children = (
				C90BBF461DE7D560001F85D7 /* MNIST.app */,
			);
			name = Products;
			sourceTree = "<group>";
		};
		C90BBF481DE7D560001F85D7 /* MNIST */ = {
			isa = PBXGroup;
			children = (
				C90BBF631DE7F041001F85D7 /* final.pb */,
				C90BBFA81DE7F5F2008909B2 /* images */,
				C90BBFA91DE7F5F2008909B2 /* labels */,
				C90BBF4C1DE7D560001F85D7 /* AppDelegate.h */,
				C90BBF4D1DE7D560001F85D7 /* AppDelegate.m */,
				C90BBF4F1DE7D560001F85D7 /* ViewController.h */,
				C90BBF501DE7D560001F85D7 /* ViewController.mm */,
				C90BBF551DE7D561001F85D7 /* Assets.xcassets */,
				C90BBF571DE7D561001F85D7 /* LaunchScreen.storyboard */,
				C90BBF521DE7D561001F85D7 /* Main.storyboard */,
				C90BBF5A1DE7D561001F85D7 /* Info.plist */,
				C90BBF491DE7D560001F85D7 /* Supporting Files */,
			);
			path = MNIST;
			sourceTree = "<group>";
		};
		C90BBF491DE7D560001F85D7 /* Supporting Files */ = {
			isa = PBXGroup;
			children = (
				C90BBF4A1DE7D560001F85D7 /* main.m */,
			);
			name = "Supporting Files";
			sourceTree = "<group>";
		};
		C90BBF601DE7D62A001F85D7 /* Frameworks */ = {
			isa = PBXGroup;
			children = (
				C90BBF611DE7D62A001F85D7 /* Accelerate.framework */,
			);
			name = Frameworks;
			sourceTree = "<group>";
		};
/* End PBXGroup section */

/* Begin PBXNativeTarget section */
		C90BBF451DE7D560001F85D7 /* MNIST */ = {
			isa = PBXNativeTarget;
			buildConfigurationList = C90BBF5D1DE7D561001F85D7 /* Build configuration list for PBXNativeTarget "MNIST" */;
			buildPhases = (
				C90BBF421DE7D560001F85D7 /* Sources */,
				C90BBF431DE7D560001F85D7 /* Frameworks */,
				C90BBF441DE7D560001F85D7 /* Resources */,
			);
			buildRules = (
			);
			dependencies = (
			);
			name = MNIST;
			productName = MNIST;
			productReference = C90BBF461DE7D560001F85D7 /* MNIST.app */;
			productType = "com.apple.product-type.application";
		};
/* End PBXNativeTarget section */

/* Begin PBXProject section */
		C90BBF3E1DE7D560001F85D7 /* Project object */ = {
			isa = PBXProject;
			attributes = {
				LastUpgradeCheck = 0810;
				ORGANIZATIONNAME = "Matt Rajca";
				TargetAttributes = {
					C90BBF451DE7D560001F85D7 = {
						CreatedOnToolsVersion = 8.1;
						DevelopmentTeam = RJKYY38TY2;
						ProvisioningStyle = Automatic;
					};
				};
			};
			buildConfigurationList = C90BBF411DE7D560001F85D7 /* Build configuration list for PBXProject "MNIST" */;
			compatibilityVersion = "Xcode 3.2";
			developmentRegion = English;
			hasScannedForEncodings = 0;
			knownRegions = (
				en,
				Base,
			);
			mainGroup = C90BBF3D1DE7D560001F85D7;
			productRefGroup = C90BBF471DE7D560001F85D7 /* Products */;
			projectDirPath = "";
			projectRoot = "";
			targets = (
				C90BBF451DE7D560001F85D7 /* MNIST */,
			);
		};
/* End PBXProject section */

/* Begin PBXResourcesBuildPhase section */
		C90BBF441DE7D560001F85D7 /* Resources */ = {
			isa = PBXResourcesBuildPhase;
			buildActionMask = 2147483647;
			files = (
				C90BBFAA1DE7F5F6008909B2 /* images in Resources */,
				C90BBFAB1DE7F5F9008909B2 /* labels in Resources */,
				C90BBF591DE7D561001F85D7 /* LaunchScreen.storyboard in Resources */,
				C90BBF561DE7D561001F85D7 /* Assets.xcassets in Resources */,
				C90BBF541DE7D561001F85D7 /* Main.storyboard in Resources */,
				C90BBF641DE7F041001F85D7 /* final.pb in Resources */,
			);
			runOnlyForDeploymentPostprocessing = 0;
		};
/* End PBXResourcesBuildPhase section */

/* Begin PBXSourcesBuildPhase section */
		C90BBF421DE7D560001F85D7 /* Sources */ = {
			isa = PBXSourcesBuildPhase;
			buildActionMask = 2147483647;
			files = (
				C90BBF511DE7D560001F85D7 /* ViewController.mm in Sources */,
				C90BBF4E1DE7D560001F85D7 /* AppDelegate.m in Sources */,
				C90BBF4B1DE7D560001F85D7 /* main.m in Sources */,
			);
			runOnlyForDeploymentPostprocessing = 0;
		};
/* End PBXSourcesBuildPhase section */

/* Begin PBXVariantGroup section */
		C90BBF521DE7D561001F85D7 /* Main.storyboard */ = {
			isa = PBXVariantGroup;
			children = (
				C90BBF531DE7D561001F85D7 /* Base */,
			);
			name = Main.storyboard;
			sourceTree = "<group>";
		};
		C90BBF571DE7D561001F85D7 /* LaunchScreen.storyboard */ = {
			isa = PBXVariantGroup;
			children = (
				C90BBF581DE7D561001F85D7 /* Base */,
			);
			name = LaunchScreen.storyboard;
			sourceTree = "<group>";
		};
/* End PBXVariantGroup section */

/* Begin XCBuildConfiguration section */
		C90BBF5B1DE7D561001F85D7 /* Debug */ = {
			isa = XCBuildConfiguration;
			buildSettings = {
				ALWAYS_SEARCH_USER_PATHS = NO;
				CLANG_ANALYZER_NONNULL = YES;
				CLANG_CXX_LANGUAGE_STANDARD = "gnu++0x";
				CLANG_CXX_LIBRARY = "libc++";
				CLANG_ENABLE_MODULES = YES;
				CLANG_ENABLE_OBJC_ARC = YES;
				CLANG_WARN_BOOL_CONVERSION = YES;
				CLANG_WARN_CONSTANT_CONVERSION = YES;
				CLANG_WARN_DIRECT_OBJC_ISA_USAGE = YES_ERROR;
				CLANG_WARN_DOCUMENTATION_COMMENTS = YES;
				CLANG_WARN_EMPTY_BODY = YES;
				CLANG_WARN_ENUM_CONVERSION = YES;
				CLANG_WARN_INFINITE_RECURSION = YES;
				CLANG_WARN_INT_CONVERSION = YES;
				CLANG_WARN_OBJC_ROOT_CLASS = YES_ERROR;
				CLANG_WARN_SUSPICIOUS_MOVES = YES;
				CLANG_WARN_UNREACHABLE_CODE = YES;
				CLANG_WARN__DUPLICATE_METHOD_MATCH = YES;
				"CODE_SIGN_IDENTITY[sdk=iphoneos*]" = "iPhone Developer";
				COPY_PHASE_STRIP = NO;
				DEBUG_INFORMATION_FORMAT = dwarf;
				ENABLE_BITCODE = NO;
				ENABLE_STRICT_OBJC_MSGSEND = YES;
				ENABLE_TESTABILITY = YES;
				GCC_C_LANGUAGE_STANDARD = gnu99;
				GCC_DYNAMIC_NO_PIC = NO;
				GCC_NO_COMMON_BLOCKS = YES;
				GCC_OPTIMIZATION_LEVEL = 0;
				GCC_PREPROCESSOR_DEFINITIONS = (
					"DEBUG=1",
					"$(inherited)",
				);
				GCC_WARN_64_TO_32_BIT_CONVERSION = YES;
				GCC_WARN_ABOUT_RETURN_TYPE = YES_ERROR;
				GCC_WARN_UNDECLARED_SELECTOR = YES;
				GCC_WARN_UNINITIALIZED_AUTOS = YES_AGGRESSIVE;
				GCC_WARN_UNUSED_FUNCTION = YES;
				GCC_WARN_UNUSED_VARIABLE = YES;
				IPHONEOS_DEPLOYMENT_TARGET = 10.1;
				MTL_ENABLE_DEBUG_INFO = YES;
				ONLY_ACTIVE_ARCH = YES;
				SDKROOT = iphoneos;
			};
			name = Debug;
		};
		C90BBF5C1DE7D561001F85D7 /* Release */ = {
			isa = XCBuildConfiguration;
			buildSettings = {
				ALWAYS_SEARCH_USER_PATHS = NO;
				CLANG_ANALYZER_NONNULL = YES;
				CLANG_CXX_LANGUAGE_STANDARD = "gnu++0x";
				CLANG_CXX_LIBRARY = "libc++";
				CLANG_ENABLE_MODULES = YES;
				CLANG_ENABLE_OBJC_ARC = YES;
				CLANG_WARN_BOOL_CONVERSION = YES;
				CLANG_WARN_CONSTANT_CONVERSION = YES;
				CLANG_WARN_DIRECT_OBJC_ISA_USAGE = YES_ERROR;
				CLANG_WARN_DOCUMENTATION_COMMENTS = YES;
				CLANG_WARN_EMPTY_BODY = YES;
				CLANG_WARN_ENUM_CONVERSION = YES;
				CLANG_WARN_INFINITE_RECURSION = YES;
				CLANG_WARN_INT_CONVERSION = YES;
				CLANG_WARN_OBJC_ROOT_CLASS = YES_ERROR;
				CLANG_WARN_SUSPICIOUS_MOVES = YES;
				CLANG_WARN_UNREACHABLE_CODE = YES;
				CLANG_WARN__DUPLICATE_METHOD_MATCH = YES;
				"CODE_SIGN_IDENTITY[sdk=iphoneos*]" = "iPhone Developer";
				COPY_PHASE_STRIP = NO;
				DEBUG_INFORMATION_FORMAT = "dwarf-with-dsym";
				ENABLE_BITCODE = NO;
				ENABLE_NS_ASSERTIONS = NO;
				ENABLE_STRICT_OBJC_MSGSEND = YES;
				GCC_C_LANGUAGE_STANDARD = gnu99;
				GCC_NO_COMMON_BLOCKS = YES;
				GCC_OPTIMIZATION_LEVEL = fast;
				GCC_WARN_64_TO_32_BIT_CONVERSION = YES;
				GCC_WARN_ABOUT_RETURN_TYPE = YES_ERROR;
				GCC_WARN_UNDECLARED_SELECTOR = YES;
				GCC_WARN_UNINITIALIZED_AUTOS = YES_AGGRESSIVE;
				GCC_WARN_UNUSED_FUNCTION = YES;
				GCC_WARN_UNUSED_VARIABLE = YES;
				IPHONEOS_DEPLOYMENT_TARGET = 10.1;
				MTL_ENABLE_DEBUG_INFO = NO;
				SDKROOT = iphoneos;
				VALIDATE_PRODUCT = YES;
			};
			name = Release;
		};
		C90BBF5E1DE7D561001F85D7 /* Debug */ = {
			isa = XCBuildConfiguration;
			buildSettings = {
				ASSETCATALOG_COMPILER_APPICON_NAME = AppIcon;
				DEVELOPMENT_TEAM = RJKYY38TY2;
				HEADER_SEARCH_PATHS = (
					../tensorflow,
					../tensorflow/tensorflow/contrib/makefile/gen/proto,
					../tensorflow/tensorflow/contrib/makefile/downloads,
					../tensorflow/tensorflow/contrib/makefile/downloads/protobuf/src,
					../tensorflow/tensorflow/contrib/makefile/downloads/eigen,
				);
				INFOPLIST_FILE = MNIST/Info.plist;
				LD_RUNPATH_SEARCH_PATHS = "$(inherited) @executable_path/Frameworks";
				LIBRARY_SEARCH_PATHS = (
					../tensorflow/tensorflow/contrib/makefile/gen/lib,
					../tensorflow/tensorflow/contrib/makefile/gen/protobuf_ios/lib,
				);
				OTHER_LDFLAGS = (
					"-ltensorflow-core",
					"-lprotobuf-lite",
					"-lprotobuf",
					"-force_load",
					"../tensorflow/tensorflow/contrib/makefile/gen/lib/libtensorflow-core.a",
				);
				PRODUCT_BUNDLE_IDENTIFIER = com.MattRajca.MNIST;
				PRODUCT_NAME = "$(TARGET_NAME)";
			};
			name = Debug;
		};
		C90BBF5F1DE7D561001F85D7 /* Release */ = {
			isa = XCBuildConfiguration;
			buildSettings = {
				ASSETCATALOG_COMPILER_APPICON_NAME = AppIcon;
				DEVELOPMENT_TEAM = RJKYY38TY2;
				HEADER_SEARCH_PATHS = (
					../tensorflow,
					../tensorflow/tensorflow/contrib/makefile/gen/proto,
					../tensorflow/tensorflow/contrib/makefile/downloads,
					../tensorflow/tensorflow/contrib/makefile/downloads/protobuf/src,
					../tensorflow/tensorflow/contrib/makefile/downloads/eigen,
				);
				INFOPLIST_FILE = MNIST/Info.plist;
				LD_RUNPATH_SEARCH_PATHS = "$(inherited) @executable_path/Frameworks";
				LIBRARY_SEARCH_PATHS = (
					../tensorflow/tensorflow/contrib/makefile/gen/lib,
					../tensorflow/tensorflow/contrib/makefile/gen/protobuf_ios/lib,
				);
				OTHER_LDFLAGS = (
					"-ltensorflow-core",
					"-lprotobuf-lite",
					"-lprotobuf",
					"-force_load",
					"../tensorflow/tensorflow/contrib/makefile/gen/lib/libtensorflow-core.a",
				);
				PRODUCT_BUNDLE_IDENTIFIER = com.MattRajca.MNIST;
				PRODUCT_NAME = "$(TARGET_NAME)";
			};
			name = Release;
		};
/* End XCBuildConfiguration section */

/* Begin XCConfigurationList section */
		C90BBF411DE7D560001F85D7 /* Build configuration list for PBXProject "MNIST" */ = {
			isa = XCConfigurationList;
			buildConfigurations = (
				C90BBF5B1DE7D561001F85D7 /* Debug */,
				C90BBF5C1DE7D561001F85D7 /* Release */,
			);
			defaultConfigurationIsVisible = 0;
			defaultConfigurationName = Release;
		};
		C90BBF5D1DE7D561001F85D7 /* Build configuration list for PBXNativeTarget "MNIST" */ = {
			isa = XCConfigurationList;
			buildConfigurations = (
				C90BBF5E1DE7D561001F85D7 /* Debug */,
				C90BBF5F1DE7D561001F85D7 /* Release */,
			);
			defaultConfigurationIsVisible = 0;
			defaultConfigurationName = Release;
		};
/* End XCConfigurationList section */
	};
	rootObject = C90BBF3E1DE7D560001F85D7 /* Project object */;
}
